
Microsoft Visual Studio Solution File, Format Version 12.00
# Visual Studio Version 16
VisualStudioVersion = 16.0.31005.135
MinimumVisualStudioVersion = 10.0.40219.1
Project("{9A19103F-16F7-4668-BE54-9A1E7A4F7556}") = "Entities", "Entities\Entities.csproj", "{2203E48C-EEEB-44D4-92C3-EC228796B213}"
EndProject
Project("{9A19103F-16F7-4668-BE54-9A1E7A4F7556}") = "DataAccess", "DataAccess\DataAccess.csproj", "{493DF831-7AC3-4117-A862-F33E9A7FB7EB}"
EndProject
Project("{9A19103F-16F7-4668-BE54-9A1E7A4F7556}") = "Business", "Business\Business.csproj", "{C6EEBB2B-D336-4110-815B-A56CE725E834}"
EndProject
Project("{9A19103F-16F7-4668-BE54-9A1E7A4F7556}") = "Core", "Core\Core.csproj", "{6EE1EB3D-38D4-4F97-9B1A-C0D187C18D35}"
EndProject
Project("{FAE04EC0-301F-11D3-BF4B-00C04F79EFBC}") = "WebAPI", "WebAPI\WebAPI.csproj", "{DBEA267A-336C-43C2-8C0C-637C53CF0ACB}"
EndProject
Global
	GlobalSection(SolutionConfigurationPlatforms) = preSolution
		Debug|Any CPU = Debug|Any CPU
		Release|Any CPU = Release|Any CPU
	EndGlobalSection
	GlobalSection(ProjectConfigurationPlatforms) = postSolution
		{2203E48C-EEEB-44D4-92C3-EC228796B213}.Debug|Any CPU.ActiveCfg = Debug|Any CPU
		{2203E48C-EEEB-44D4-92C3-EC228796B213}.Debug|Any CPU.Build.0 = Debug|Any CPU
		{2203E48C-EEEB-44D4-92C3-EC228796B213}.Release|Any CPU.ActiveCfg = Release|Any CPU
		{2203E48C-EEEB-44D4-92C3-EC228796B213}.Release|Any CPU.Build.0 = Release|Any CPU
		{493DF831-7AC3-4117-A862-F33E9A7FB7EB}.Debug|Any CPU.ActiveCfg = Debug|Any CPU
		{493DF831-7AC3-4117-A862-F33E9A7FB7EB}.Debug|Any CPU.Build.0 = Debug|Any CPU
		{493DF831-7AC3-4117-A862-F33E9A7FB7EB}.Release|Any CPU.ActiveCfg = Release|Any CPU
		{493DF831-7AC3-4117-A862-F33E9A7FB7EB}.Release|Any CPU.Build.0 = Release|Any CPU
		{C6EEBB2B-D336-4110-815B-A56CE725E834}.Debug|Any CPU.ActiveCfg = Debug|Any CPU
		{C6EEBB2B-D336-4110-815B-A56CE725E834}.Debug|Any CPU.Build.0 = Debug|Any CPU
		{C6EEBB2B-D336-4110-815B-A56CE725E834}.Release|Any CPU.ActiveCfg = Release|Any CPU
		{C6EEBB2B-D336-4110-815B-A56CE725E834}.Release|Any CPU.Build.0 = Release|Any CPU
		{6EE1EB3D-38D4-4F97-9B1A-C0D187C18D35}.Debug|Any CPU.ActiveCfg = Debug|Any CPU
		{6EE1EB3D-38D4-4F97-9B1A-C0D187C18D35}.Debug|Any CPU.Build.0 = Debug|Any CPU
		{6EE1EB3D-38D4-4F97-9B1A-C0D187C18D35}.Release|Any CPU.ActiveCfg = Release|Any CPU
		{6EE1EB3D-38D4-4F97-9B1A-C0D187C18D35}.Release|Any CPU.Build.0 = Release|Any CPU
		{DBEA267A-336C-43C2-8C0C-637C53CF0ACB}.Debug|Any CPU.ActiveCfg = Debug|Any CPU
		{DBEA267A-336C-43C2-8C0C-637C53CF0ACB}.Debug|Any CPU.Build.0 = Debug|Any CPU
		{DBEA267A-336C-43C2-8C0C-637C53CF0ACB}.Release|Any CPU.ActiveCfg = Release|Any CPU
		{DBEA267A-336C-43C2-8C0C-637C53CF0ACB}.Release|Any CPU.Build.0 = Release|Any CPU
	EndGlobalSection
	GlobalSection(SolutionProperties) = preSolution
		HideSolutionNode = FALSE
	EndGlobalSection
	GlobalSection(ExtensibilityGlobals) = postSolution
		SolutionGuid = {4F431FED-311F-4441-BFDF-3D1D3143BF92}
	EndGlobalSection
EndGlobal
